# Auto-generated lockfile. Do not edit.
build-essential=12.9ubuntu3
chrpath=0.16-2
cpio=2.13+dfsg-7ubuntu0.1
curl=7.81.0-1ubuntu1.23
debianutils=5.5-1ubuntu2
diffstat=1.64-1build2
dosfstools=4.2-1build3
dumb-init=1.2.5-2
e2fsprogs=1.46.5-2ubuntu1.2
fdisk=2.37.2-4ubuntu3.4
file=1:5.41-3ubuntu0.1
gawk=1:5.1.0-1ubuntu0.1
gcc-multilib=4:11.2.0-1ubuntu1
git=1:2.34.1-1ubuntu1.17
iproute2=5.15.0-1ubuntu2
iputils-ping=3:20211215-1ubuntu0.1
less=590-1ubuntu0.22.04.3
libegl1-mesa=23.0.4-0ubuntu1~22.04.1
liblz4-tool=1.9.3-2build2
libsdl1.2-dev=1.2.15+dfsg2-6
mesa-common-dev=23.2.1-1ubuntu3.1~22.04.3
mtools=4.0.33-1+really4.0.32-1build1
openssh-client=1:8.9p1-3ubuntu0.13
parted=3.4-2build1
pylint=2.12.2-1
python-is-python3=3.9.2-2
python3=3.10.6-1~22.04.1
python3-git=3.1.24-1
python3-jinja2=3.0.3-1ubuntu0.4
python3-newt=0.52.21-5ubuntu2
python3-pexpect=4.8.0-2ubuntu1
python3-pip=22.0.2+dfsg-1ubuntu0.7
python3-subunit=1.4.0-3
socat=1.7.4.1-3ubuntu4
sudo=1.9.9-1ubuntu2.5
syslinux=3:6.04~git20190206.bf6db5b4+dfsg1-3ubuntu1
texinfo=6.8-4build1
tmux=3.2a-4ubuntu0.2
unzip=6.0-26ubuntu3.2
util-linux=2.37.2-4ubuntu3.4
wget=1.21.2-2ubuntu1.1
xterm=372-1ubuntu1
xz-utils=5.2.5-2ubuntu1
zstd=1.4.8+dfsg-3build1
