[[tools.actionlint]]
version = "1.7.11"
backend = "aqua:rhysd/actionlint"
"platforms.linux-arm64" = { checksum = "sha256:21bc0dfb57a913fe175298c2a9e906ee630f747cb66d0a934d0d4b69f4ee1235", url = "https://github.com/rhysd/actionlint/releases/download/v1.7.11/actionlint_1.7.11_linux_arm64.tar.gz"}
"platforms.linux-x64" = { checksum = "sha256:900919a84f2229bac68ca9cd4103ea297abc35e9689ebb842c6e34a3d1b01b0a", url = "https://github.com/rhysd/actionlint/releases/download/v1.7.11/actionlint_1.7.11_linux_amd64.tar.gz"}
"platforms.macos-arm64" = { checksum = "sha256:a21ba7366d8329e7223faee0ed69eb13da27fe8acabb356bb7eb0b7f1e1cb6d8", url = "https://github.com/rhysd/actionlint/releases/download/v1.7.11/actionlint_1.7.11_darwin_arm64.tar.gz"}
"platforms.macos-x64" = { checksum = "sha256:17ffc17fed8f0258ef6ad4aed932d3272464c7ef7d64e1cb0d65aa97c9752107", url = "https://github.com/rhysd/actionlint/releases/download/v1.7.11/actionlint_1.7.11_darwin_amd64.tar.gz"}
"platforms.windows-x64" = { checksum = "sha256:5414b7124a91f4b5abee62e5c9d84802237734f8d15b9b7032732a32c3ebffa3", url = "https://github.com/rhysd/actionlint/releases/download/v1.7.11/actionlint_1.7.11_windows_amd64.zip"}

[[tools.gitversion]]
version = "6.6.0"
backend = "aqua:gittools/gitversion"
"platforms.linux-arm64" = { checksum = "sha256:07851f5277442ccf63b417fa3ac7f5f6b0447133b967024efff7523409d20705", url = "https://github.com/GitTools/GitVersion/releases/download/6.6.0/gitversion-linux-arm64-6.6.0.tar.gz"}
"platforms.linux-x64" = { checksum = "sha256:08bea791767eaad9dce6ec9a4b1099785fe45bd54f2fce1e63ce5889f4c3cb9f", url = "https://github.com/GitTools/GitVersion/releases/download/6.6.0/gitversion-linux-x64-6.6.0.tar.gz"}
"platforms.macos-arm64" = { checksum = "sha256:86fd7e3925f34a6338810f0cb2ea82c514f3e59f1dfdf8328d650dec5950cbab", url = "https://github.com/GitTools/GitVersion/releases/download/6.6.0/gitversion-osx-arm64-6.6.0.tar.gz"}
"platforms.macos-x64" = { checksum = "sha256:f3c5f3bf8f16e5093afcab6a9c6f89634fff5f0299ad939861c57cae86a63dbe", url = "https://github.com/GitTools/GitVersion/releases/download/6.6.0/gitversion-osx-x64-6.6.0.tar.gz"}
"platforms.windows-x64" = { checksum = "sha256:efb5c86bc38398f054c448bcd97de95bac06af63f2c4c932aa19f427116ed4df", url = "https://github.com/GitTools/GitVersion/releases/download/6.6.0/gitversion-win-x64-6.6.0.zip"}

[[tools.hadolint]]
version = "2.14.0"
backend = "aqua:hadolint/hadolint"
"platforms.linux-arm64" = { checksum = "sha256:331f1d3511b84a4f1e3d18d52fec284723e4019552f4f47b19322a53ce9a40ed", url = "https://github.com/hadolint/hadolint/releases/download/v2.14.0/hadolint-linux-arm64"}
"platforms.linux-x64" = { checksum = "sha256:6bf226944684f56c84dd014e8b979d27425c0148f61b3bd99bcc6f39e9dc5a47", url = "https://github.com/hadolint/hadolint/releases/download/v2.14.0/hadolint-linux-x86_64"}
"platforms.macos-arm64" = { checksum = "sha256:3625e2e9f43dcfe7bd38738a5f5520ed50ce39ed28485266e6803dd7bc197b10", url = "https://github.com/hadolint/hadolint/releases/download/v2.14.0/hadolint-macos-arm64"}
"platforms.macos-x64" = { checksum = "sha256:2b69a853433f1eca522ffb921cd490bd1321424d03331fd8390f93b7fb4a02e9", url = "https://github.com/hadolint/hadolint/releases/download/v2.14.0/hadolint-macos-x86_64"}
"platforms.windows-x64" = { checksum = "sha256:8e0ee174f88edb14f207a68430c7a53c2883ed509cdbde9a3a26fffa140fa5e4", url = "https://github.com/hadolint/hadolint/releases/download/v2.14.0/hadolint-windows-x86_64.exe"}

[[tools.hk]]
version = "1.38.0"
backend = "aqua:jdx/hk"
"platforms.linux-arm64" = { checksum = "sha256:c012fea4a0cd9659088c10601c3ae085c5ac4407eeeaa442ced1913a5f26f8a7", url = "https://github.com/jdx/hk/releases/download/v1.38.0/hk-aarch64-unknown-linux-gnu.tar.gz"}
"platforms.linux-x64" = { checksum = "sha256:cb34efc1829a1d59c0cd526be494a9f01b36d1c9965087cff09a09f32d129431", url = "https://github.com/jdx/hk/releases/download/v1.38.0/hk-x86_64-unknown-linux-gnu.tar.gz"}
"platforms.macos-arm64" = { checksum = "sha256:02421d12f8a706d5753eec1652f966c8df90bf810e4153b3a560f4038c784529", url = "https://github.com/jdx/hk/releases/download/v1.38.0/hk-aarch64-apple-darwin.tar.gz"}
"platforms.windows-x64" = { checksum = "sha256:3850e253ebe3b13b6932e951606eafe56801031c663437d656a49dc0ab9fdbf4", url = "https://github.com/jdx/hk/releases/download/v1.38.0/hk-x86_64-pc-windows-msvc.zip"}

[[tools.pipx]]
version = "1.8.0"
backend = "aqua:pypa/pipx"
"platforms.linux-arm64" = { checksum = "sha256:b9eabd835dffe0677e36bd99416fc9837c592bd8c079235379bed3dfe043c601", url = "https://github.com/pypa/pipx/releases/download/1.8.0/pipx.pyz"}
"platforms.linux-x64" = { checksum = "sha256:b9eabd835dffe0677e36bd99416fc9837c592bd8c079235379bed3dfe043c601", url = "https://github.com/pypa/pipx/releases/download/1.8.0/pipx.pyz"}
"platforms.macos-arm64" = { checksum = "sha256:b9eabd835dffe0677e36bd99416fc9837c592bd8c079235379bed3dfe043c601", url = "https://github.com/pypa/pipx/releases/download/1.8.0/pipx.pyz"}
"platforms.macos-x64" = { checksum = "sha256:b9eabd835dffe0677e36bd99416fc9837c592bd8c079235379bed3dfe043c601", url = "https://github.com/pypa/pipx/releases/download/1.8.0/pipx.pyz"}

[[tools."pipx:check-jsonschema"]]
version = "0.37.0"
backend = "pipx:check-jsonschema"

[[tools."pipx:yamllint"]]
version = "1.38.0"
backend = "pipx:yamllint"

[[tools.pkl]]
version = "0.31.0"
backend = "aqua:apple/pkl"
"platforms.linux-arm64" = { checksum = "sha256:471460cdd11e1cb9ac0a5401fdb05277ae3adb3a4573cc0a9c63ee087c1f93c8", url = "https://github.com/apple/pkl/releases/download/0.31.0/pkl-linux-aarch64"}
"platforms.linux-x64" = { checksum = "sha256:5a5c2a889b68ca92ff4258f9d277f92412b98dfef5057daef7564202a20870b6", url = "https://github.com/apple/pkl/releases/download/0.31.0/pkl-linux-amd64"}
"platforms.macos-arm64" = { checksum = "sha256:349402ae32c35382c034b0c0af744ffb0d53a213888c44deec94a7810e144889", url = "https://github.com/apple/pkl/releases/download/0.31.0/pkl-macos-aarch64"}
"platforms.macos-x64" = { checksum = "sha256:9f1cc8e3ac2327bc483b90d0c220da20eb785c3ba3fe92e021f47d3d56768282", url = "https://github.com/apple/pkl/releases/download/0.31.0/pkl-macos-amd64"}
"platforms.windows-x64" = { checksum = "sha256:37d35ce8a165766502fb13799071d4cefa84d39fb455c75c471b47b9b5d12b04", url = "https://github.com/apple/pkl/releases/download/0.31.0/pkl-windows-amd64.exe"}

[[tools.shellcheck]]
version = "0.11.0"
backend = "aqua:koalaman/shellcheck"
"platforms.linux-arm64" = { checksum = "sha256:12b331c1d2db6b9eb13cfca64306b1b157a86eb69db83023e261eaa7e7c14588", url = "https://github.com/koalaman/shellcheck/releases/download/v0.11.0/shellcheck-v0.11.0.linux.aarch64.tar.xz"}
"platforms.linux-x64" = { checksum = "sha256:8c3be12b05d5c177a04c29e3c78ce89ac86f1595681cab149b65b97c4e227198", url = "https://github.com/koalaman/shellcheck/releases/download/v0.11.0/shellcheck-v0.11.0.linux.x86_64.tar.xz"}
"platforms.macos-arm64" = { checksum = "sha256:56affdd8de5527894dca6dc3d7e0a99a873b0f004d7aabc30ae407d3f48b0a79", url = "https://github.com/koalaman/shellcheck/releases/download/v0.11.0/shellcheck-v0.11.0.darwin.aarch64.tar.xz"}
"platforms.macos-x64" = { checksum = "sha256:3c89db4edcab7cf1c27bff178882e0f6f27f7afdf54e859fa041fca10febe4c6", url = "https://github.com/koalaman/shellcheck/releases/download/v0.11.0/shellcheck-v0.11.0.darwin.x86_64.tar.xz"}
"platforms.windows-x64" = { checksum = "sha256:8a4e35ab0b331c85d73567b12f2a444df187f483e5079ceffa6bda1faa2e740e", url = "https://github.com/koalaman/shellcheck/releases/download/v0.11.0/shellcheck-v0.11.0.zip"}

[[tools.uv]]
version = "0.10.9"
backend = "aqua:astral-sh/uv"
"platforms.linux-arm64" = { checksum = "sha256:05b0d3087e913ebe11756365a90dd47c05d6728752fdbe129ad4c3ccd769826d", url = "https://github.com/astral-sh/uv/releases/download/0.10.9/uv-aarch64-unknown-linux-musl.tar.gz"}
"platforms.linux-x64" = { checksum = "sha256:433e56874739e92c7cfd661ba9e5f287b376ca612c08c8194a41a98a13158aea", url = "https://github.com/astral-sh/uv/releases/download/0.10.9/uv-x86_64-unknown-linux-musl.tar.gz"}
"platforms.macos-arm64" = { checksum = "sha256:a92f61e9ac9b0f29668c15f56152e4a60143fca148ff5bfadb86718472c3f376", url = "https://github.com/astral-sh/uv/releases/download/0.10.9/uv-aarch64-apple-darwin.tar.gz"}
"platforms.macos-x64" = { checksum = "sha256:9cc2de7d195fa157f98b306a8a1cb151ded93f488939b93363cebc8b9d598c28", url = "https://github.com/astral-sh/uv/releases/download/0.10.9/uv-x86_64-apple-darwin.tar.gz"}
"platforms.windows-x64" = { checksum = "sha256:f58dc40896000229db7c52b8bdd931394040ef2ad59abd1eda841f6d70b13d7a", url = "https://github.com/astral-sh/uv/releases/download/0.10.9/uv-x86_64-pc-windows-msvc.zip"}

[[tools.yamllint]]
version = "1.38.0"
backend = "pipx:yamllint"
