# @generated - this file is auto-generated by `mise lock` https://mise.jdx.dev/dev-tools/mise-lock.html

[[tools.actionlint]]
version = "1.7.12"
backend = "aqua:rhysd/actionlint"

[tools.actionlint."platforms.linux-arm64"]
checksum = "sha256:325e971b6ba9bfa504672e29be93c24981eeb1c07576d730e9f7c8805afff0c6"
url = "https://github.com/rhysd/actionlint/releases/download/v1.7.12/actionlint_1.7.12_linux_arm64.tar.gz"
url_api = "https://api.github.com/repos/rhysd/actionlint/releases/assets/384924897"
provenance = "github-attestations"

[tools.actionlint."platforms.linux-x64"]
checksum = "sha256:8aca8db96f1b94770f1b0d72b6dddcb1ebb8123cb3712530b08cc387b349a3d8"
url = "https://github.com/rhysd/actionlint/releases/download/v1.7.12/actionlint_1.7.12_linux_amd64.tar.gz"
url_api = "https://api.github.com/repos/rhysd/actionlint/releases/assets/384924896"
provenance = "github-attestations"

[tools.actionlint."platforms.macos-arm64"]
checksum = "sha256:aba9ced2dee8d27fecca3dc7feb1a7f9a52caefa1eb46f3271ea66b6e0e6953f"
url = "https://github.com/rhysd/actionlint/releases/download/v1.7.12/actionlint_1.7.12_darwin_arm64.tar.gz"
url_api = "https://api.github.com/repos/rhysd/actionlint/releases/assets/384924893"
provenance = "github-attestations"

[tools.actionlint."platforms.macos-x64"]
checksum = "sha256:5b44c3bc2255115c9b69e30efc0fecdf498fdb63c5d58e17084fd5f16324c644"
url = "https://github.com/rhysd/actionlint/releases/download/v1.7.12/actionlint_1.7.12_darwin_amd64.tar.gz"
url_api = "https://api.github.com/repos/rhysd/actionlint/releases/assets/384924880"
provenance = "github-attestations"

[tools.actionlint."platforms.windows-x64"]
checksum = "sha256:6e7241b51e6817ea6a047693d8e6fed13b31819c9a0dd6c5a726e1592d22f6e9"
url = "https://github.com/rhysd/actionlint/releases/download/v1.7.12/actionlint_1.7.12_windows_amd64.zip"
url_api = "https://api.github.com/repos/rhysd/actionlint/releases/assets/384924919"
provenance = "github-attestations"

[[tools.gitversion]]
version = "6.6.0"
backend = "aqua:gittools/gitversion"

[tools.gitversion."platforms.linux-arm64"]
checksum = "sha256:07851f5277442ccf63b417fa3ac7f5f6b0447133b967024efff7523409d20705"
url = "https://github.com/GitTools/GitVersion/releases/download/6.6.0/gitversion-linux-arm64-6.6.0.tar.gz"
url_api = "https://api.github.com/repos/GitTools/GitVersion/releases/assets/356749147"

[tools.gitversion."platforms.linux-x64"]
checksum = "sha256:08bea791767eaad9dce6ec9a4b1099785fe45bd54f2fce1e63ce5889f4c3cb9f"
url = "https://github.com/GitTools/GitVersion/releases/download/6.6.0/gitversion-linux-x64-6.6.0.tar.gz"
url_api = "https://api.github.com/repos/GitTools/GitVersion/releases/assets/356749176"

[tools.gitversion."platforms.macos-arm64"]
checksum = "sha256:86fd7e3925f34a6338810f0cb2ea82c514f3e59f1dfdf8328d650dec5950cbab"
url = "https://github.com/GitTools/GitVersion/releases/download/6.6.0/gitversion-osx-arm64-6.6.0.tar.gz"
url_api = "https://api.github.com/repos/GitTools/GitVersion/releases/assets/356749196"

[tools.gitversion."platforms.macos-x64"]
checksum = "sha256:f3c5f3bf8f16e5093afcab6a9c6f89634fff5f0299ad939861c57cae86a63dbe"
url = "https://github.com/GitTools/GitVersion/releases/download/6.6.0/gitversion-osx-x64-6.6.0.tar.gz"
url_api = "https://api.github.com/repos/GitTools/GitVersion/releases/assets/356749206"

[tools.gitversion."platforms.windows-x64"]
checksum = "sha256:efb5c86bc38398f054c448bcd97de95bac06af63f2c4c932aa19f427116ed4df"
url = "https://github.com/GitTools/GitVersion/releases/download/6.6.0/gitversion-win-x64-6.6.0.zip"
url_api = "https://api.github.com/repos/GitTools/GitVersion/releases/assets/356749233"

[[tools.hadolint]]
version = "2.14.0"
backend = "aqua:hadolint/hadolint"

[tools.hadolint."platforms.linux-arm64"]
checksum = "sha256:331f1d3511b84a4f1e3d18d52fec284723e4019552f4f47b19322a53ce9a40ed"
url = "https://github.com/hadolint/hadolint/releases/download/v2.14.0/hadolint-linux-arm64"
url_api = "https://api.github.com/repos/hadolint/hadolint/releases/assets/295944081"

[tools.hadolint."platforms.linux-x64"]
checksum = "sha256:6bf226944684f56c84dd014e8b979d27425c0148f61b3bd99bcc6f39e9dc5a47"
url = "https://github.com/hadolint/hadolint/releases/download/v2.14.0/hadolint-linux-x86_64"
url_api = "https://api.github.com/repos/hadolint/hadolint/releases/assets/295944080"

[tools.hadolint."platforms.macos-arm64"]
checksum = "sha256:3625e2e9f43dcfe7bd38738a5f5520ed50ce39ed28485266e6803dd7bc197b10"
url = "https://github.com/hadolint/hadolint/releases/download/v2.14.0/hadolint-macos-arm64"
url_api = "https://api.github.com/repos/hadolint/hadolint/releases/assets/295944077"

[tools.hadolint."platforms.macos-x64"]
checksum = "sha256:2b69a853433f1eca522ffb921cd490bd1321424d03331fd8390f93b7fb4a02e9"
url = "https://github.com/hadolint/hadolint/releases/download/v2.14.0/hadolint-macos-x86_64"
url_api = "https://api.github.com/repos/hadolint/hadolint/releases/assets/295944082"

[tools.hadolint."platforms.windows-x64"]
checksum = "sha256:8e0ee174f88edb14f207a68430c7a53c2883ed509cdbde9a3a26fffa140fa5e4"
url = "https://github.com/hadolint/hadolint/releases/download/v2.14.0/hadolint-windows-x86_64.exe"
url_api = "https://api.github.com/repos/hadolint/hadolint/releases/assets/295944079"

[[tools.hk]]
version = "1.51.0"
backend = "aqua:jdx/hk"

[tools.hk."platforms.linux-arm64"]
checksum = "sha256:6dc84f63ba365544d36a3436360b69c04fcad50dc29758c826de5a7e363c9809"
url = "https://github.com/jdx/hk/releases/download/v1.51.0/hk-aarch64-unknown-linux-gnu.tar.gz"
url_api = "https://api.github.com/repos/jdx/hk/releases/assets/476588078"

[tools.hk."platforms.linux-x64"]
checksum = "sha256:6ef59a3a06c10141181853bfcbe82bdb939c5a65efe05c762f98a06896b4cc25"
url = "https://github.com/jdx/hk/releases/download/v1.51.0/hk-x86_64-unknown-linux-gnu.tar.gz"
url_api = "https://api.github.com/repos/jdx/hk/releases/assets/476588091"

[tools.hk."platforms.macos-arm64"]
checksum = "sha256:1f19137c63bc3be45c58badd4aa0e14b2718669df93c8f4c1d05b74e5ab6acef"
url = "https://github.com/jdx/hk/releases/download/v1.51.0/hk-aarch64-apple-darwin.tar.gz"
url_api = "https://api.github.com/repos/jdx/hk/releases/assets/476588079"

[tools.hk."platforms.windows-x64"]
checksum = "sha256:0a583f8980c19bb4b95e64c3785bc824177ff51600e994309851c79e2f23b2ac"
url = "https://github.com/jdx/hk/releases/download/v1.51.0/hk-x86_64-pc-windows-msvc.zip"
url_api = "https://api.github.com/repos/jdx/hk/releases/assets/476588075"

[[tools."pipx:check-jsonschema"]]
version = "0.37.4"
backend = "pipx:check-jsonschema"

[[tools."pipx:yamllint"]]
version = "1.38.0"
backend = "pipx:yamllint"

[[tools.pkl]]
version = "0.32.0"
backend = "aqua:apple/pkl"

[tools.pkl."platforms.linux-arm64"]
checksum = "sha256:b1ba7ef5dec9287f8f843ce563911eba822fed5789a5baab8cc712615a9dbaf0"
url = "https://github.com/apple/pkl/releases/download/0.32.0/pkl-linux-aarch64"
url_api = "https://api.github.com/repos/apple/pkl/releases/assets/470498156"

[tools.pkl."platforms.linux-x64"]
checksum = "sha256:15e7e7375c28b8542b3d13fe35bccaeb7b9542114008998708385489885f41e7"
url = "https://github.com/apple/pkl/releases/download/0.32.0/pkl-linux-amd64"
url_api = "https://api.github.com/repos/apple/pkl/releases/assets/470498153"

[tools.pkl."platforms.macos-arm64"]
checksum = "sha256:fb891856705f3dcb8589c74999e01ded3eeb6b77ad5c6a95c02579a848c13928"
url = "https://github.com/apple/pkl/releases/download/0.32.0/pkl-macos-aarch64"
url_api = "https://api.github.com/repos/apple/pkl/releases/assets/470498155"

[tools.pkl."platforms.macos-x64"]
checksum = "sha256:190ad63fec4f81f40e75dba8d6309033dd30e51b3e042db3b846f67c7ab46e3d"
url = "https://github.com/apple/pkl/releases/download/0.32.0/pkl-macos-amd64"
url_api = "https://api.github.com/repos/apple/pkl/releases/assets/470498183"

[tools.pkl."platforms.windows-x64"]
checksum = "sha256:61c40e940d5e61a0c54cc6bdef6ff26d44f02aeccd19fa0407125dc617dba030"
url = "https://github.com/apple/pkl/releases/download/0.32.0/pkl-windows-amd64.exe"
url_api = "https://api.github.com/repos/apple/pkl/releases/assets/470498222"

[[tools.shellcheck]]
version = "0.11.0"
backend = "aqua:koalaman/shellcheck"

[tools.shellcheck."platforms.linux-arm64"]
checksum = "sha256:12b331c1d2db6b9eb13cfca64306b1b157a86eb69db83023e261eaa7e7c14588"
url = "https://github.com/koalaman/shellcheck/releases/download/v0.11.0/shellcheck-v0.11.0.linux.aarch64.tar.xz"
url_api = "https://api.github.com/repos/koalaman/shellcheck/releases/assets/279056934"

[tools.shellcheck."platforms.linux-x64"]
checksum = "sha256:8c3be12b05d5c177a04c29e3c78ce89ac86f1595681cab149b65b97c4e227198"
url = "https://github.com/koalaman/shellcheck/releases/download/v0.11.0/shellcheck-v0.11.0.linux.x86_64.tar.xz"
url_api = "https://api.github.com/repos/koalaman/shellcheck/releases/assets/279056942"

[tools.shellcheck."platforms.macos-arm64"]
checksum = "sha256:56affdd8de5527894dca6dc3d7e0a99a873b0f004d7aabc30ae407d3f48b0a79"
url = "https://github.com/koalaman/shellcheck/releases/download/v0.11.0/shellcheck-v0.11.0.darwin.aarch64.tar.xz"
url_api = "https://api.github.com/repos/koalaman/shellcheck/releases/assets/279056932"

[tools.shellcheck."platforms.macos-x64"]
checksum = "sha256:3c89db4edcab7cf1c27bff178882e0f6f27f7afdf54e859fa041fca10febe4c6"
url = "https://github.com/koalaman/shellcheck/releases/download/v0.11.0/shellcheck-v0.11.0.darwin.x86_64.tar.xz"
url_api = "https://api.github.com/repos/koalaman/shellcheck/releases/assets/279056930"

[tools.shellcheck."platforms.windows-x64"]
checksum = "sha256:8a4e35ab0b331c85d73567b12f2a444df187f483e5079ceffa6bda1faa2e740e"
url = "https://github.com/koalaman/shellcheck/releases/download/v0.11.0/shellcheck-v0.11.0.zip"
url_api = "https://api.github.com/repos/koalaman/shellcheck/releases/assets/279056944"

[[tools.uv]]
version = "0.11.29"
backend = "aqua:astral-sh/uv"

[tools.uv."platforms.linux-arm64"]
checksum = "sha256:593d79a797ece3f1dfaaf3e0a973263422a135d9262c7dbc6cd75d9c11acc0b4"
url = "https://github.com/astral-sh/uv/releases/download/0.11.29/uv-aarch64-unknown-linux-musl.tar.gz"
url_api = "https://api.github.com/repos/astral-sh/uv/releases/assets/478261262"
provenance = "github-attestations"

[tools.uv."platforms.linux-x64"]
checksum = "sha256:46711858adb2a3acaa9cee00f9060688ad1fd5706aecc005b96a6a7f285a00b7"
url = "https://github.com/astral-sh/uv/releases/download/0.11.29/uv-x86_64-unknown-linux-musl.tar.gz"
url_api = "https://api.github.com/repos/astral-sh/uv/releases/assets/478261352"
provenance = "github-attestations"

[tools.uv."platforms.macos-arm64"]
checksum = "sha256:61c04acc52a33ef0f331e494bdfbedcdb6c26c6970c022ed3699e5860f8930e3"
url = "https://github.com/astral-sh/uv/releases/download/0.11.29/uv-aarch64-apple-darwin.tar.gz"
url_api = "https://api.github.com/repos/astral-sh/uv/releases/assets/478261245"
provenance = "github-attestations"

[tools.uv."platforms.macos-x64"]
checksum = "sha256:c4c4de482da9ccdd076dc4fb5cfe7b740609029385c72f58606be3153602387d"
url = "https://github.com/astral-sh/uv/releases/download/0.11.29/uv-x86_64-apple-darwin.tar.gz"
url_api = "https://api.github.com/repos/astral-sh/uv/releases/assets/478261331"
provenance = "github-attestations"

[tools.uv."platforms.windows-x64"]
checksum = "sha256:a047d55651bc3e0ca24595b25ec4cfcb10f9dca9fb56514e661269b37d4fae68"
url = "https://github.com/astral-sh/uv/releases/download/0.11.29/uv-x86_64-pc-windows-msvc.zip"
url_api = "https://api.github.com/repos/astral-sh/uv/releases/assets/478261333"
provenance = "github-attestations"

[[tools.yamllint]]
version = "1.38.0"
backend = "pipx:yamllint"
